// !$*UTF8*$!
{
	archiveVersion = 1;
	classes = {
	};
	objectVersion = 77;
	objects = {

/* Begin PBXBuildFile section */
		CE9FFC0E2DF9C64E0061BE55 /* SessionConnectState.swift in Sources */ = {isa = PBXBuildFile; fileRef = CE9FFC0D2DF9C64E0061BE55 /* SessionConnectState.swift */; };
		CE9FFC112DF9C9790061BE55 /* ConnectionStateView.swift in Sources */ = {isa = PBXBuildFile; fileRef = CE9FFC102DF9C9790061BE55 /* ConnectionStateView.swift */; };
		CE9FFC172DF9FFDC0061BE55 /* RootView.swift in Sources */ = {isa = PBXBuildFile; fileRef = CE9FFC162DF9FFDC0061BE55 /* RootView.swift */; };
		CE9FFC1A2DFA01D90061BE55 /* MainButton.swift in Sources */ = {isa = PBXBuildFile; fileRef = CE9FFC192DFA01D90061BE55 /* MainButton.swift */; };
		CE9FFC1C2DFA04590061BE55 /* CheckerType.swift in Sources */ = {isa = PBXBuildFile; fileRef = CE9FFC1B2DFA04590061BE55 /* CheckerType.swift */; };
		CE9FFC1E2DFA04760061BE55 /* CheckerView.swift in Sources */ = {isa = PBXBuildFile; fileRef = CE9FFC1D2DFA04760061BE55 /* CheckerView.swift */; };
		CE9FFC212DFA09080061BE55 /* View.swift in Sources */ = {isa = PBXBuildFile; fileRef = CE9FFC202DFA09080061BE55 /* View.swift */; };
		CEC5BB3F2DF8EC52002B1D52 /* CheckersAppApp.swift in Sources */ = {isa = PBXBuildFile; fileRef = CEC5BB3C2DF8EC52002B1D52 /* CheckersAppApp.swift */; };
		CEC5BB402DF8EC52002B1D52 /* CheckersBoardView.swift in Sources */ = {isa = PBXBuildFile; fileRef = CEC5BB3D2DF8EC52002B1D52 /* CheckersBoardView.swift */; };
		CEC5BB412DF8EC52002B1D52 /* Assets.xcassets in Resources */ = {isa = PBXBuildFile; fileRef = CEC5BB3B2DF8EC52002B1D52 /* Assets.xcassets */; };
		CEC5BB432DF8F026002B1D52 /* MPCManager.swift in Sources */ = {isa = PBXBuildFile; fileRef = CEC5BB422DF8F026002B1D52 /* MPCManager.swift */; };
		CEC5BB492DF8F088002B1D52 /* GameBoardViewModel.swift in Sources */ = {isa = PBXBuildFile; fileRef = CEC5BB482DF8F088002B1D52 /* GameBoardViewModel.swift */; };
/* End PBXBuildFile section */

/* Begin PBXFileReference section */
		CE9FFC0D2DF9C64E0061BE55 /* SessionConnectState.swift */ = {isa = PBXFileReference; lastKnownFileType = sourcecode.swift; path = SessionConnectState.swift; sourceTree = "<group>"; };
		CE9FFC102DF9C9790061BE55 /* ConnectionStateView.swift */ = {isa = PBXFileReference; lastKnownFileType = sourcecode.swift; path = ConnectionStateView.swift; sourceTree = "<group>"; };
		CE9FFC162DF9FFDC0061BE55 /* RootView.swift */ = {isa = PBXFileReference; lastKnownFileType = sourcecode.swift; path = RootView.swift; sourceTree = "<group>"; };
		CE9FFC192DFA01D90061BE55 /* MainButton.swift */ = {isa = PBXFileReference; lastKnownFileType = sourcecode.swift; path = MainButton.swift; sourceTree = "<group>"; };
		CE9FFC1B2DFA04590061BE55 /* CheckerType.swift */ = {isa = PBXFileReference; lastKnownFileType = sourcecode.swift; path = CheckerType.swift; sourceTree = "<group>"; };
		CE9FFC1D2DFA04760061BE55 /* CheckerView.swift */ = {isa = PBXFileReference; lastKnownFileType = sourcecode.swift; path = CheckerView.swift; sourceTree = "<group>"; };
		CE9FFC202DFA09080061BE55 /* View.swift */ = {isa = PBXFileReference; lastKnownFileType = sourcecode.swift; path = View.swift; sourceTree = "<group>"; };
		CEC5BB2D2DF8E2ED002B1D52 /* CheckersApp.app */ = {isa = PBXFileReference; explicitFileType = wrapper.application; includeInIndex = 0; path = CheckersApp.app; sourceTree = BUILT_PRODUCTS_DIR; };
		CEC5BB3B2DF8EC52002B1D52 /* Assets.xcassets */ = {isa = PBXFileReference; lastKnownFileType = folder.assetcatalog; path = Assets.xcassets; sourceTree = "<group>"; };
		CEC5BB3C2DF8EC52002B1D52 /* CheckersAppApp.swift */ = {isa = PBXFileReference; lastKnownFileType = sourcecode.swift; path = CheckersAppApp.swift; sourceTree = "<group>"; };
		CEC5BB3D2DF8EC52002B1D52 /* CheckersBoardView.swift */ = {isa = PBXFileReference; lastKnownFileType = sourcecode.swift; path = CheckersBoardView.swift; sourceTree = "<group>"; };
		CEC5BB422DF8F026002B1D52 /* MPCManager.swift */ = {isa = PBXFileReference; lastKnownFileType = sourcecode.swift; path = MPCManager.swift; sourceTree = "<group>"; };
		CEC5BB482DF8F088002B1D52 /* GameBoardViewModel.swift */ = {isa = PBXFileReference; lastKnownFileType = sourcecode.swift; path = GameBoardViewModel.swift; sourceTree = "<group>"; };
		CEC5BB4A2DF98726002B1D52 /* Info.plist */ = {isa = PBXFileReference; lastKnownFileType = text.plist; path = Info.plist; sourceTree = "<group>"; };
/* End PBXFileReference section */

/* Begin PBXFrameworksBuildPhase section */
		CEC5BB2A2DF8E2ED002B1D52 /* Frameworks */ = {
			isa = PBXFrameworksBuildPhase;
			buildActionMask = 2147483647;
			files = (
			);
			runOnlyForDeploymentPostprocessing = 0;
		};
/* End PBXFrameworksBuildPhase section */

/* Begin PBXGroup section */
		CE9FFC0C2DF9C6340061BE55 /* Model */ = {
			isa = PBXGroup;
			children = (
				CE9FFC0D2DF9C64E0061BE55 /* SessionConnectState.swift */,
				CE9FFC1B2DFA04590061BE55 /* CheckerType.swift */,
			);
			path = Model;
			sourceTree = "<group>";
		};
		CE9FFC0F2DF9C7990061BE55 /* Components */ = {
			isa = PBXGroup;
			children = (
				CE9FFC102DF9C9790061BE55 /* ConnectionStateView.swift */,
				CE9FFC1D2DFA04760061BE55 /* CheckerView.swift */,
			);
			path = Components;
			sourceTree = "<group>";
		};
		CE9FFC122DF9FF660061BE55 /* Root */ = {
			isa = PBXGroup;
			children = (
				CE9FFC142DF9FFC20061BE55 /* View */,
			);
			path = Root;
			sourceTree = "<group>";
		};
		CE9FFC132DF9FF710061BE55 /* GameBoard */ = {
			isa = PBXGroup;
			children = (
				CE9FFC0C2DF9C6340061BE55 /* Model */,
				CEC5BB462DF8F049002B1D52 /* ViewModel */,
				CEC5BB452DF8F040002B1D52 /* View */,
			);
			path = GameBoard;
			sourceTree = "<group>";
		};
		CE9FFC142DF9FFC20061BE55 /* View */ = {
			isa = PBXGroup;
			children = (
				CE9FFC162DF9FFDC0061BE55 /* RootView.swift */,
			);
			path = View;
			sourceTree = "<group>";
		};
		CE9FFC182DFA01CB0061BE55 /* Common */ = {
			isa = PBXGroup;
			children = (
				CE9FFC192DFA01D90061BE55 /* MainButton.swift */,
			);
			path = Common;
			sourceTree = "<group>";
		};
		CE9FFC1F2DFA08F70061BE55 /* Extension */ = {
			isa = PBXGroup;
			children = (
				CE9FFC202DFA09080061BE55 /* View.swift */,
			);
			path = Extension;
			sourceTree = "<group>";
		};
		CEC5BB242DF8E2ED002B1D52 = {
			isa = PBXGroup;
			children = (
				CEC5BB3E2DF8EC52002B1D52 /* CheckersApp */,
				CEC5BB2E2DF8E2ED002B1D52 /* Products */,
			);
			sourceTree = "<group>";
		};
		CEC5BB2E2DF8E2ED002B1D52 /* Products */ = {
			isa = PBXGroup;
			children = (
				CEC5BB2D2DF8E2ED002B1D52 /* CheckersApp.app */,
			);
			name = Products;
			sourceTree = "<group>";
		};
		CEC5BB3E2DF8EC52002B1D52 /* CheckersApp */ = {
			isa = PBXGroup;
			children = (
				CE9FFC1F2DFA08F70061BE55 /* Extension */,
				CEC5BB4A2DF98726002B1D52 /* Info.plist */,
				CEC5BB3B2DF8EC52002B1D52 /* Assets.xcassets */,
				CEC5BB3C2DF8EC52002B1D52 /* CheckersAppApp.swift */,
				CEC5BB472DF8F057002B1D52 /* Service */,
				CEC5BB442DF8F036002B1D52 /* UI */,
			);
			path = CheckersApp;
			sourceTree = "<group>";
		};
		CEC5BB442DF8F036002B1D52 /* UI */ = {
			isa = PBXGroup;
			children = (
				CE9FFC182DFA01CB0061BE55 /* Common */,
				CE9FFC122DF9FF660061BE55 /* Root */,
				CE9FFC132DF9FF710061BE55 /* GameBoard */,
			);
			path = UI;
			sourceTree = "<group>";
		};
		CEC5BB452DF8F040002B1D52 /* View */ = {
			isa = PBXGroup;
			children = (
				CE9FFC0F2DF9C7990061BE55 /* Components */,
				CEC5BB3D2DF8EC52002B1D52 /* CheckersBoardView.swift */,
			);
			path = View;
			sourceTree = "<group>";
		};
		CEC5BB462DF8F049002B1D52 /* ViewModel */ = {
			isa = PBXGroup;
			children = (
				CEC5BB482DF8F088002B1D52 /* GameBoardViewModel.swift */,
			);
			path = ViewModel;
			sourceTree = "<group>";
		};
		CEC5BB472DF8F057002B1D52 /* Service */ = {
			isa = PBXGroup;
			children = (
				CEC5BB422DF8F026002B1D52 /* MPCManager.swift */,
			);
			path = Service;
			sourceTree = "<group>";
		};
/* End PBXGroup section */

/* Begin PBXNativeTarget section */
		CEC5BB2C2DF8E2ED002B1D52 /* CheckersApp */ = {
			isa = PBXNativeTarget;
			buildConfigurationList = CEC5BB382DF8E2EF002B1D52 /* Build configuration list for PBXNativeTarget "CheckersApp" */;
			buildPhases = (
				CEC5BB292DF8E2ED002B1D52 /* Sources */,
				CEC5BB2A2DF8E2ED002B1D52 /* Frameworks */,
				CEC5BB2B2DF8E2ED002B1D52 /* Resources */,
			);
			buildRules = (
			);
			dependencies = (
			);
			name = CheckersApp;
			packageProductDependencies = (
			);
			productName = CheckersApp;
			productReference = CEC5BB2D2DF8E2ED002B1D52 /* CheckersApp.app */;
			productType = "com.apple.product-type.application";
		};
/* End PBXNativeTarget section */

/* Begin PBXProject section */
		CEC5BB252DF8E2ED002B1D52 /* Project object */ = {
			isa = PBXProject;
			attributes = {
				BuildIndependentTargetsInParallel = 1;
				LastSwiftUpdateCheck = 1630;
				LastUpgradeCheck = 1630;
				TargetAttributes = {
					CEC5BB2C2DF8E2ED002B1D52 = {
						CreatedOnToolsVersion = 16.3;
					};
				};
			};
			buildConfigurationList = CEC5BB282DF8E2ED002B1D52 /* Build configuration list for PBXProject "CheckersApp" */;
			developmentRegion = en;
			hasScannedForEncodings = 0;
			knownRegions = (
				en,
				Base,
			);
			mainGroup = CEC5BB242DF8E2ED002B1D52;
			minimizedProjectReferenceProxies = 1;
			preferredProjectObjectVersion = 77;
			productRefGroup = CEC5BB2E2DF8E2ED002B1D52 /* Products */;
			projectDirPath = "";
			projectRoot = "";
			targets = (
				CEC5BB2C2DF8E2ED002B1D52 /* CheckersApp */,
			);
		};
/* End PBXProject section */

/* Begin PBXResourcesBuildPhase section */
		CEC5BB2B2DF8E2ED002B1D52 /* Resources */ = {
			isa = PBXResourcesBuildPhase;
			buildActionMask = 2147483647;
			files = (
				CEC5BB412DF8EC52002B1D52 /* Assets.xcassets in Resources */,
			);
			runOnlyForDeploymentPostprocessing = 0;
		};
/* End PBXResourcesBuildPhase section */

/* Begin PBXSourcesBuildPhase section */
		CEC5BB292DF8E2ED002B1D52 /* Sources */ = {
			isa = PBXSourcesBuildPhase;
			buildActionMask = 2147483647;
			files = (
				CEC5BB492DF8F088002B1D52 /* GameBoardViewModel.swift in Sources */,
				CE9FFC0E2DF9C64E0061BE55 /* SessionConnectState.swift in Sources */,
				CE9FFC1E2DFA04760061BE55 /* CheckerView.swift in Sources */,
				CEC5BB3F2DF8EC52002B1D52 /* CheckersAppApp.swift in Sources */,
				CEC5BB402DF8EC52002B1D52 /* CheckersBoardView.swift in Sources */,
				CE9FFC1A2DFA01D90061BE55 /* MainButton.swift in Sources */,
				CE9FFC172DF9FFDC0061BE55 /* RootView.swift in Sources */,
				CE9FFC1C2DFA04590061BE55 /* CheckerType.swift in Sources */,
				CE9FFC112DF9C9790061BE55 /* ConnectionStateView.swift in Sources */,
				CE9FFC212DFA09080061BE55 /* View.swift in Sources */,
				CEC5BB432DF8F026002B1D52 /* MPCManager.swift in Sources */,
			);
			runOnlyForDeploymentPostprocessing = 0;
		};
/* End PBXSourcesBuildPhase section */

/* Begin XCBuildConfiguration section */
		CEC5BB362DF8E2EF002B1D52 /* Debug */ = {
			isa = XCBuildConfiguration;
			buildSettings = {
				ALWAYS_SEARCH_USER_PATHS = NO;
				ASSETCATALOG_COMPILER_GENERATE_SWIFT_ASSET_SYMBOL_EXTENSIONS = YES;
				CLANG_ANALYZER_NONNULL = YES;
				CLANG_ANALYZER_NUMBER_OBJECT_CONVERSION = YES_AGGRESSIVE;
				CLANG_CXX_LANGUAGE_STANDARD = "gnu++20";
				CLANG_ENABLE_MODULES = YES;
				CLANG_ENABLE_OBJC_ARC = YES;
				CLANG_ENABLE_OBJC_WEAK = YES;
				CLANG_WARN_BLOCK_CAPTURE_AUTORELEASING = YES;
				CLANG_WARN_BOOL_CONVERSION = YES;
				CLANG_WARN_COMMA = YES;
				CLANG_WARN_CONSTANT_CONVERSION = YES;
				CLANG_WARN_DEPRECATED_OBJC_IMPLEMENTATIONS = YES;
				CLANG_WARN_DIRECT_OBJC_ISA_USAGE = YES_ERROR;
				CLANG_WARN_DOCUMENTATION_COMMENTS = YES;
				CLANG_WARN_EMPTY_BODY = YES;
				CLANG_WARN_ENUM_CONVERSION = YES;
				CLANG_WARN_INFINITE_RECURSION = YES;
				CLANG_WARN_INT_CONVERSION = YES;
				CLANG_WARN_NON_LITERAL_NULL_CONVERSION = YES;
				CLANG_WARN_OBJC_IMPLICIT_RETAIN_SELF = YES;
				CLANG_WARN_OBJC_LITERAL_CONVERSION = YES;
				CLANG_WARN_OBJC_ROOT_CLASS = YES_ERROR;
				CLANG_WARN_QUOTED_INCLUDE_IN_FRAMEWORK_HEADER = YES;
				CLANG_WARN_RANGE_LOOP_ANALYSIS = YES;
				CLANG_WARN_STRICT_PROTOTYPES = YES;
				CLANG_WARN_SUSPICIOUS_MOVE = YES;
				CLANG_WARN_UNGUARDED_AVAILABILITY = YES_AGGRESSIVE;
				CLANG_WARN_UNREACHABLE_CODE = YES;
				CLANG_WARN__DUPLICATE_METHOD_MATCH = YES;
				COPY_PHASE_STRIP = NO;
				DEBUG_INFORMATION_FORMAT = dwarf;
				DEVELOPMENT_TEAM = Q5L7D25SC3;
				ENABLE_STRICT_OBJC_MSGSEND = YES;
				ENABLE_TESTABILITY = YES;
				ENABLE_USER_SCRIPT_SANDBOXING = YES;
				GCC_C_LANGUAGE_STANDARD = gnu17;
				GCC_DYNAMIC_NO_PIC = NO;
				GCC_NO_COMMON_BLOCKS = YES;
				GCC_OPTIMIZATION_LEVEL = 0;
				GCC_PREPROCESSOR_DEFINITIONS = (
					"DEBUG=1",
					"$(inherited)",
				);
				GCC_WARN_64_TO_32_BIT_CONVERSION = YES;
				GCC_WARN_ABOUT_RETURN_TYPE = YES_ERROR;
				GCC_WARN_UNDECLARED_SELECTOR = YES;
				GCC_WARN_UNINITIALIZED_AUTOS = YES_AGGRESSIVE;
				GCC_WARN_UNUSED_FUNCTION = YES;
				GCC_WARN_UNUSED_VARIABLE = YES;
				IPHONEOS_DEPLOYMENT_TARGET = 18.4;
				LOCALIZATION_PREFERS_STRING_CATALOGS = YES;
				MTL_ENABLE_DEBUG_INFO = INCLUDE_SOURCE;
				MTL_FAST_MATH = YES;
				ONLY_ACTIVE_ARCH = YES;
				SDKROOT = iphoneos;
				SWIFT_ACTIVE_COMPILATION_CONDITIONS = "DEBUG $(inherited)";
				SWIFT_OPTIMIZATION_LEVEL = "-Onone";
			};
			name = Debug;
		};
		CEC5BB372DF8E2EF002B1D52 /* Release */ = {
			isa = XCBuildConfiguration;
			buildSettings = {
				ALWAYS_SEARCH_USER_PATHS = NO;
				ASSETCATALOG_COMPILER_GENERATE_SWIFT_ASSET_SYMBOL_EXTENSIONS = YES;
				CLANG_ANALYZER_NONNULL = YES;
				CLANG_ANALYZER_NUMBER_OBJECT_CONVERSION = YES_AGGRESSIVE;
				CLANG_CXX_LANGUAGE_STANDARD = "gnu++20";
				CLANG_ENABLE_MODULES = YES;
				CLANG_ENABLE_OBJC_ARC = YES;
				CLANG_ENABLE_OBJC_WEAK = YES;
				CLANG_WARN_BLOCK_CAPTURE_AUTORELEASING = YES;
				CLANG_WARN_BOOL_CONVERSION = YES;
				CLANG_WARN_COMMA = YES;
				CLANG_WARN_CONSTANT_CONVERSION = YES;
				CLANG_WARN_DEPRECATED_OBJC_IMPLEMENTATIONS = YES;
				CLANG_WARN_DIRECT_OBJC_ISA_USAGE = YES_ERROR;
				CLANG_WARN_DOCUMENTATION_COMMENTS = YES;
				CLANG_WARN_EMPTY_BODY = YES;
				CLANG_WARN_ENUM_CONVERSION = YES;
				CLANG_WARN_INFINITE_RECURSION = YES;
				CLANG_WARN_INT_CONVERSION = YES;
				CLANG_WARN_NON_LITERAL_NULL_CONVERSION = YES;
				CLANG_WARN_OBJC_IMPLICIT_RETAIN_SELF = YES;
				CLANG_WARN_OBJC_LITERAL_CONVERSION = YES;
				CLANG_WARN_OBJC_ROOT_CLASS = YES_ERROR;
				CLANG_WARN_QUOTED_INCLUDE_IN_FRAMEWORK_HEADER = YES;
				CLANG_WARN_RANGE_LOOP_ANALYSIS = YES;
				CLANG_WARN_STRICT_PROTOTYPES = YES;
				CLANG_WARN_SUSPICIOUS_MOVE = YES;
				CLANG_WARN_UNGUARDED_AVAILABILITY = YES_AGGRESSIVE;
				CLANG_WARN_UNREACHABLE_CODE = YES;
				CLANG_WARN__DUPLICATE_METHOD_MATCH = YES;
				COPY_PHASE_STRIP = NO;
				DEBUG_INFORMATION_FORMAT = "dwarf-with-dsym";
				DEVELOPMENT_TEAM = Q5L7D25SC3;
				ENABLE_NS_ASSERTIONS = NO;
				ENABLE_STRICT_OBJC_MSGSEND = YES;
				ENABLE_USER_SCRIPT_SANDBOXING = YES;
				GCC_C_LANGUAGE_STANDARD = gnu17;
				GCC_NO_COMMON_BLOCKS = YES;
				GCC_WARN_64_TO_32_BIT_CONVERSION = YES;
				GCC_WARN_ABOUT_RETURN_TYPE = YES_ERROR;
				GCC_WARN_UNDECLARED_SELECTOR = YES;
				GCC_WARN_UNINITIALIZED_AUTOS = YES_AGGRESSIVE;
				GCC_WARN_UNUSED_FUNCTION = YES;
				GCC_WARN_UNUSED_VARIABLE = YES;
				IPHONEOS_DEPLOYMENT_TARGET = 18.4;
				LOCALIZATION_PREFERS_STRING_CATALOGS = YES;
				MTL_ENABLE_DEBUG_INFO = NO;
				MTL_FAST_MATH = YES;
				SDKROOT = iphoneos;
				SWIFT_COMPILATION_MODE = wholemodule;
				VALIDATE_PRODUCT = YES;
			};
			name = Release;
		};
		CEC5BB392DF8E2EF002B1D52 /* Debug */ = {
			isa = XCBuildConfiguration;
			buildSettings = {
				ASSETCATALOG_COMPILER_APPICON_NAME = AppIcon;
				ASSETCATALOG_COMPILER_GLOBAL_ACCENT_COLOR_NAME = AccentColor;
				CODE_SIGN_STYLE = Automatic;
				CURRENT_PROJECT_VERSION = 1;
				DEVELOPMENT_TEAM = Q5L7D25SC3;
				ENABLE_PREVIEWS = YES;
				GENERATE_INFOPLIST_FILE = YES;
				INFOPLIST_FILE = CheckersApp/Info.plist;
				INFOPLIST_KEY_UIApplicationSceneManifest_Generation = YES;
				INFOPLIST_KEY_UIApplicationSupportsIndirectInputEvents = YES;
				INFOPLIST_KEY_UILaunchScreen_Generation = YES;
				INFOPLIST_KEY_UISupportedInterfaceOrientations_iPad = "UIInterfaceOrientationPortrait UIInterfaceOrientationPortraitUpsideDown UIInterfaceOrientationLandscapeLeft UIInterfaceOrientationLandscapeRight";
				INFOPLIST_KEY_UISupportedInterfaceOrientations_iPhone = "UIInterfaceOrientationPortrait UIInterfaceOrientationLandscapeLeft UIInterfaceOrientationLandscapeRight";
				IPHONEOS_DEPLOYMENT_TARGET = 16.6;
				LD_RUNPATH_SEARCH_PATHS = (
					"$(inherited)",
					"@executable_path/Frameworks",
				);
				MARKETING_VERSION = 1.0;
				PRODUCT_BUNDLE_IDENTIFIER = com.pavel.CheckersApp;
				PRODUCT_NAME = "$(TARGET_NAME)";
				SUPPORTED_PLATFORMS = "iphoneos iphonesimulator";
				SUPPORTS_MACCATALYST = NO;
				SUPPORTS_MAC_DESIGNED_FOR_IPHONE_IPAD = NO;
				SUPPORTS_XR_DESIGNED_FOR_IPHONE_IPAD = NO;
				SWIFT_EMIT_LOC_STRINGS = YES;
				SWIFT_VERSION = 5.0;
				TARGETED_DEVICE_FAMILY = "1,2";
			};
			name = Debug;
		};
		CEC5BB3A2DF8E2EF002B1D52 /* Release */ = {
			isa = XCBuildConfiguration;
			buildSettings = {
				ASSETCATALOG_COMPILER_APPICON_NAME = AppIcon;
				ASSETCATALOG_COMPILER_GLOBAL_ACCENT_COLOR_NAME = AccentColor;
				CODE_SIGN_STYLE = Automatic;
				CURRENT_PROJECT_VERSION = 1;
				DEVELOPMENT_TEAM = Q5L7D25SC3;
				ENABLE_PREVIEWS = YES;
				GENERATE_INFOPLIST_FILE = YES;
				INFOPLIST_FILE = CheckersApp/Info.plist;
				INFOPLIST_KEY_UIApplicationSceneManifest_Generation = YES;
				INFOPLIST_KEY_UIApplicationSupportsIndirectInputEvents = YES;
				INFOPLIST_KEY_UILaunchScreen_Generation = YES;
				INFOPLIST_KEY_UISupportedInterfaceOrientations_iPad = "UIInterfaceOrientationPortrait UIInterfaceOrientationPortraitUpsideDown UIInterfaceOrientationLandscapeLeft UIInterfaceOrientationLandscapeRight";
				INFOPLIST_KEY_UISupportedInterfaceOrientations_iPhone = "UIInterfaceOrientationPortrait UIInterfaceOrientationLandscapeLeft UIInterfaceOrientationLandscapeRight";
				IPHONEOS_DEPLOYMENT_TARGET = 16.6;
				LD_RUNPATH_SEARCH_PATHS = (
					"$(inherited)",
					"@executable_path/Frameworks",
				);
				MARKETING_VERSION = 1.0;
				PRODUCT_BUNDLE_IDENTIFIER = com.pavel.CheckersApp;
				PRODUCT_NAME = "$(TARGET_NAME)";
				SUPPORTED_PLATFORMS = "iphoneos iphonesimulator";
				SUPPORTS_MACCATALYST = NO;
				SUPPORTS_MAC_DESIGNED_FOR_IPHONE_IPAD = NO;
				SUPPORTS_XR_DESIGNED_FOR_IPHONE_IPAD = NO;
				SWIFT_EMIT_LOC_STRINGS = YES;
				SWIFT_VERSION = 5.0;
				TARGETED_DEVICE_FAMILY = "1,2";
			};
			name = Release;
		};
/* End XCBuildConfiguration section */

/* Begin XCConfigurationList section */
		CEC5BB282DF8E2ED002B1D52 /* Build configuration list for PBXProject "CheckersApp" */ = {
			isa = XCConfigurationList;
			buildConfigurations = (
				CEC5BB362DF8E2EF002B1D52 /* Debug */,
				CEC5BB372DF8E2EF002B1D52 /* Release */,
			);
			defaultConfigurationIsVisible = 0;
			defaultConfigurationName = Release;
		};
		CEC5BB382DF8E2EF002B1D52 /* Build configuration list for PBXNativeTarget "CheckersApp" */ = {
			isa = XCConfigurationList;
			buildConfigurations = (
				CEC5BB392DF8E2EF002B1D52 /* Debug */,
				CEC5BB3A2DF8E2EF002B1D52 /* Release */,
			);
			defaultConfigurationIsVisible = 0;
			defaultConfigurationName = Release;
		};
/* End XCConfigurationList section */
	};
	rootObject = CEC5BB252DF8E2ED002B1D52 /* Project object */;
}
